
Microsoft Visual Studio Solution File, Format Version 12.00
# Visual Studio Version 16
VisualStudioVersion = 16.0.31321.278
MinimumVisualStudioVersion = 10.0.40219.1
Project("{9A19103F-16F7-4668-BE54-9A1E7A4F7556}") = "net.adamec.lib.common.dmn.engine", "net.adamec.lib.common.dmn.engine\net.adamec.lib.common.dmn.engine.csproj", "{4D65B9DB-D3B1-4263-9210-A3C51EEBA062}"
	ProjectSection(ProjectDependencies) = postProject
		{F5013884-DC8B-4D20-9CDE-CA110EB5CAC7} = {F5013884-DC8B-4D20-9CDE-CA110EB5CAC7}
	EndProjectSection
EndProject
Project("{9A19103F-16F7-4668-BE54-9A1E7A4F7556}") = "build", "build\build.csproj", "{F5013884-DC8B-4D20-9CDE-CA110EB5CAC7}"
EndProject
Project("{9A19103F-16F7-4668-BE54-9A1E7A4F7556}") = "build.tasks", "build.tasks\build.tasks.csproj", "{4D68A606-86DF-4073-8AE8-825B68E47915}"
EndProject
Project("{2150E333-8FDC-42A3-9474-1A3956D46DE8}") = "Solution Items", "Solution Items", "{2EAF971C-042D-428B-B700-12AA69D7C90A}"
	ProjectSection(SolutionItems) = preProject
		.gitignore.bak = .gitignore.bak
		changelog.md = changelog.md
		Directory.Build.props = Directory.Build.props
		Directory.Build.targets = Directory.Build.targets
		license.txt = license.txt
		readme.md = readme.md
		release.chklist = release.chklist
		Version.props = Version.props
	EndProjectSection
EndProject
Project("{D954291E-2A0B-460D-934E-DC6B0785DB48}") = "net.adamec.lib.common.dmn.engine.test.shared", "net.adamec.lib.common.dmn.engine.test.shared\net.adamec.lib.common.dmn.engine.test.shared.shproj", "{A793FA70-EEC0-45F5-9F1A-458F8A8E844C}"
EndProject
Project("{FAE04EC0-301F-11D3-BF4B-00C04F79EFBC}") = "net.adamec.lib.common.dmn.engine.test.netcore31", "net.adamec.lib.common.dmn.engine.test.netcore31\net.adamec.lib.common.dmn.engine.test.netcore31.csproj", "{B71B9AFF-BF43-45F7-9890-6F4BB8AC8F39}"
EndProject
Project("{FAE04EC0-301F-11D3-BF4B-00C04F79EFBC}") = "net.adamec.lib.common.dmn.engine.test.netcore5", "net.adamec.lib.common.dmn.engine.test.netcore5\net.adamec.lib.common.dmn.engine.test.netcore5.csproj", "{847209E8-CD8D-45E1-83BF-050D223FF49D}"
EndProject
Project("{FAE04EC0-301F-11D3-BF4B-00C04F79EFBC}") = "net.adamec.lib.common.dmn.engine.test.netcore21", "net.adamec.lib.common.dmn.engine.test.netcore21\net.adamec.lib.common.dmn.engine.test.netcore21.csproj", "{D8F77A81-C72C-4C3D-A33A-6390D58B9253}"
EndProject
Project("{FAE04EC0-301F-11D3-BF4B-00C04F79EFBC}") = "net.adamec.lib.common.dmn.engine.test.net472", "net.adamec.lib.common.dmn.engine.test.net472\net.adamec.lib.common.dmn.engine.test.net472.csproj", "{29E2A813-7466-483F-A576-8F72FE145CC7}"
EndProject
Project("{FAE04EC0-301F-11D3-BF4B-00C04F79EFBC}") = "net.adamec.lib.common.dmn.engine.test.net462", "net.adamec.lib.common.dmn.engine.test.net462\net.adamec.lib.common.dmn.engine.test.net462.csproj", "{A9294388-1E6E-4741-AC95-9AE0BA28428B}"
EndProject
Global
	GlobalSection(SharedMSBuildProjectFiles) = preSolution
		net.adamec.lib.common.dmn.engine.test.shared\net.adamec.lib.common.dmn.engine.test.shared.projitems*{29e2a813-7466-483f-a576-8f72fe145cc7}*SharedItemsImports = 4
		net.adamec.lib.common.dmn.engine.test.shared\net.adamec.lib.common.dmn.engine.test.shared.projitems*{847209e8-cd8d-45e1-83bf-050d223ff49d}*SharedItemsImports = 5
		net.adamec.lib.common.dmn.engine.test.shared\net.adamec.lib.common.dmn.engine.test.shared.projitems*{a793fa70-eec0-45f5-9f1a-458f8a8e844c}*SharedItemsImports = 13
		net.adamec.lib.common.dmn.engine.test.shared\net.adamec.lib.common.dmn.engine.test.shared.projitems*{a9294388-1e6e-4741-ac95-9ae0ba28428b}*SharedItemsImports = 4
		net.adamec.lib.common.dmn.engine.test.shared\net.adamec.lib.common.dmn.engine.test.shared.projitems*{b71b9aff-bf43-45f7-9890-6f4bb8ac8f39}*SharedItemsImports = 5
		net.adamec.lib.common.dmn.engine.test.shared\net.adamec.lib.common.dmn.engine.test.shared.projitems*{d8f77a81-c72c-4c3d-a33a-6390d58b9253}*SharedItemsImports = 5
	EndGlobalSection
	GlobalSection(SolutionConfigurationPlatforms) = preSolution
		Debug|Any CPU = Debug|Any CPU
		Release|Any CPU = Release|Any CPU
	EndGlobalSection
	GlobalSection(ProjectConfigurationPlatforms) = postSolution
		{4D65B9DB-D3B1-4263-9210-A3C51EEBA062}.Debug|Any CPU.ActiveCfg = Debug|Any CPU
		{4D65B9DB-D3B1-4263-9210-A3C51EEBA062}.Debug|Any CPU.Build.0 = Debug|Any CPU
		{4D65B9DB-D3B1-4263-9210-A3C51EEBA062}.Release|Any CPU.ActiveCfg = Release|Any CPU
		{4D65B9DB-D3B1-4263-9210-A3C51EEBA062}.Release|Any CPU.Build.0 = Release|Any CPU
		{F5013884-DC8B-4D20-9CDE-CA110EB5CAC7}.Debug|Any CPU.ActiveCfg = Debug|Any CPU
		{F5013884-DC8B-4D20-9CDE-CA110EB5CAC7}.Debug|Any CPU.Build.0 = Debug|Any CPU
		{F5013884-DC8B-4D20-9CDE-CA110EB5CAC7}.Release|Any CPU.ActiveCfg = Release|Any CPU
		{F5013884-DC8B-4D20-9CDE-CA110EB5CAC7}.Release|Any CPU.Build.0 = Release|Any CPU
		{4D68A606-86DF-4073-8AE8-825B68E47915}.Debug|Any CPU.ActiveCfg = Debug|Any CPU
		{4D68A606-86DF-4073-8AE8-825B68E47915}.Debug|Any CPU.Build.0 = Debug|Any CPU
		{4D68A606-86DF-4073-8AE8-825B68E47915}.Release|Any CPU.ActiveCfg = Release|Any CPU
		{4D68A606-86DF-4073-8AE8-825B68E47915}.Release|Any CPU.Build.0 = Release|Any CPU
		{B71B9AFF-BF43-45F7-9890-6F4BB8AC8F39}.Debug|Any CPU.ActiveCfg = Debug|Any CPU
		{B71B9AFF-BF43-45F7-9890-6F4BB8AC8F39}.Debug|Any CPU.Build.0 = Debug|Any CPU
		{B71B9AFF-BF43-45F7-9890-6F4BB8AC8F39}.Release|Any CPU.ActiveCfg = Release|Any CPU
		{B71B9AFF-BF43-45F7-9890-6F4BB8AC8F39}.Release|Any CPU.Build.0 = Release|Any CPU
		{847209E8-CD8D-45E1-83BF-050D223FF49D}.Debug|Any CPU.ActiveCfg = Debug|Any CPU
		{847209E8-CD8D-45E1-83BF-050D223FF49D}.Debug|Any CPU.Build.0 = Debug|Any CPU
		{847209E8-CD8D-45E1-83BF-050D223FF49D}.Release|Any CPU.ActiveCfg = Release|Any CPU
		{847209E8-CD8D-45E1-83BF-050D223FF49D}.Release|Any CPU.Build.0 = Release|Any CPU
		{D8F77A81-C72C-4C3D-A33A-6390D58B9253}.Debug|Any CPU.ActiveCfg = Debug|Any CPU
		{D8F77A81-C72C-4C3D-A33A-6390D58B9253}.Debug|Any CPU.Build.0 = Debug|Any CPU
		{D8F77A81-C72C-4C3D-A33A-6390D58B9253}.Release|Any CPU.ActiveCfg = Release|Any CPU
		{D8F77A81-C72C-4C3D-A33A-6390D58B9253}.Release|Any CPU.Build.0 = Release|Any CPU
		{29E2A813-7466-483F-A576-8F72FE145CC7}.Debug|Any CPU.ActiveCfg = Debug|Any CPU
		{29E2A813-7466-483F-A576-8F72FE145CC7}.Debug|Any CPU.Build.0 = Debug|Any CPU
		{29E2A813-7466-483F-A576-8F72FE145CC7}.Release|Any CPU.ActiveCfg = Release|Any CPU
		{29E2A813-7466-483F-A576-8F72FE145CC7}.Release|Any CPU.Build.0 = Release|Any CPU
		{A9294388-1E6E-4741-AC95-9AE0BA28428B}.Debug|Any CPU.ActiveCfg = Debug|Any CPU
		{A9294388-1E6E-4741-AC95-9AE0BA28428B}.Debug|Any CPU.Build.0 = Debug|Any CPU
		{A9294388-1E6E-4741-AC95-9AE0BA28428B}.Release|Any CPU.ActiveCfg = Release|Any CPU
		{A9294388-1E6E-4741-AC95-9AE0BA28428B}.Release|Any CPU.Build.0 = Release|Any CPU
	EndGlobalSection
	GlobalSection(SolutionProperties) = preSolution
		HideSolutionNode = FALSE
	EndGlobalSection
	GlobalSection(ExtensibilityGlobals) = postSolution
		SolutionGuid = {201E3A67-DF16-42EF-A616-DAD5213C3B8A}
	EndGlobalSection
EndGlobal
