
Microsoft Visual Studio Solution File, Format Version 12.00
# Visual Studio 15
VisualStudioVersion = 15.0.28307.136
MinimumVisualStudioVersion = 10.0.40219.1
Project("{9A19103F-16F7-4668-BE54-9A1E7A4F7556}") = "net.adamec.lib.common.dmn.engine", "net.adamec.lib.common.dmn.engine\net.adamec.lib.common.dmn.engine.csproj", "{4D65B9DB-D3B1-4263-9210-A3C51EEBA062}"
	ProjectSection(ProjectDependencies) = postProject
		{F5013884-DC8B-4D20-9CDE-CA110EB5CAC7} = {F5013884-DC8B-4D20-9CDE-CA110EB5CAC7}
	EndProjectSection
EndProject
Project("{9A19103F-16F7-4668-BE54-9A1E7A4F7556}") = "net.adamec.lib.common.dmn.engine.test", "net.adamec.lib.common.dmn.engine.test\net.adamec.lib.common.dmn.engine.test.csproj", "{B3526A96-116B-43F4-A452-C9E3720110F5}"
	ProjectSection(ProjectDependencies) = postProject
		{F5013884-DC8B-4D20-9CDE-CA110EB5CAC7} = {F5013884-DC8B-4D20-9CDE-CA110EB5CAC7}
	EndProjectSection
EndProject
Project("{9A19103F-16F7-4668-BE54-9A1E7A4F7556}") = "build", "build\build.csproj", "{F5013884-DC8B-4D20-9CDE-CA110EB5CAC7}"
EndProject
Project("{9A19103F-16F7-4668-BE54-9A1E7A4F7556}") = "build.tasks", "build.tasks\build.tasks.csproj", "{4D68A606-86DF-4073-8AE8-825B68E47915}"
EndProject
Project("{2150E333-8FDC-42A3-9474-1A3956D46DE8}") = "Solution Items", "Solution Items", "{2EAF971C-042D-428B-B700-12AA69D7C90A}"
	ProjectSection(SolutionItems) = preProject
		.gitignore.bak = .gitignore.bak
		changelog.md = changelog.md
		Directory.Build.props = Directory.Build.props
		Directory.Build.targets = Directory.Build.targets
		license.txt = license.txt
		readme.md = readme.md
		release.chklist = release.chklist
		Version.props = Version.props
	EndProjectSection
EndProject
Project("{FAE04EC0-301F-11D3-BF4B-00C04F79EFBC}") = "net.adamec.lib.common.dmn.engine.test.net", "net.adamec.lib.common.dmn.engine.test.net\net.adamec.lib.common.dmn.engine.test.net.csproj", "{50ADE630-E520-4B39-81BD-AC212F7606CC}"
EndProject
Global
	GlobalSection(SolutionConfigurationPlatforms) = preSolution
		Debug|Any CPU = Debug|Any CPU
		Release|Any CPU = Release|Any CPU
	EndGlobalSection
	GlobalSection(ProjectConfigurationPlatforms) = postSolution
		{4D65B9DB-D3B1-4263-9210-A3C51EEBA062}.Debug|Any CPU.ActiveCfg = Debug|Any CPU
		{4D65B9DB-D3B1-4263-9210-A3C51EEBA062}.Debug|Any CPU.Build.0 = Debug|Any CPU
		{4D65B9DB-D3B1-4263-9210-A3C51EEBA062}.Release|Any CPU.ActiveCfg = Release|Any CPU
		{4D65B9DB-D3B1-4263-9210-A3C51EEBA062}.Release|Any CPU.Build.0 = Release|Any CPU
		{B3526A96-116B-43F4-A452-C9E3720110F5}.Debug|Any CPU.ActiveCfg = Debug|Any CPU
		{B3526A96-116B-43F4-A452-C9E3720110F5}.Debug|Any CPU.Build.0 = Debug|Any CPU
		{B3526A96-116B-43F4-A452-C9E3720110F5}.Release|Any CPU.ActiveCfg = Release|Any CPU
		{B3526A96-116B-43F4-A452-C9E3720110F5}.Release|Any CPU.Build.0 = Release|Any CPU
		{F5013884-DC8B-4D20-9CDE-CA110EB5CAC7}.Debug|Any CPU.ActiveCfg = Debug|Any CPU
		{F5013884-DC8B-4D20-9CDE-CA110EB5CAC7}.Debug|Any CPU.Build.0 = Debug|Any CPU
		{F5013884-DC8B-4D20-9CDE-CA110EB5CAC7}.Release|Any CPU.ActiveCfg = Release|Any CPU
		{F5013884-DC8B-4D20-9CDE-CA110EB5CAC7}.Release|Any CPU.Build.0 = Release|Any CPU
		{4D68A606-86DF-4073-8AE8-825B68E47915}.Debug|Any CPU.ActiveCfg = Debug|Any CPU
		{4D68A606-86DF-4073-8AE8-825B68E47915}.Debug|Any CPU.Build.0 = Debug|Any CPU
		{4D68A606-86DF-4073-8AE8-825B68E47915}.Release|Any CPU.ActiveCfg = Release|Any CPU
		{4D68A606-86DF-4073-8AE8-825B68E47915}.Release|Any CPU.Build.0 = Release|Any CPU
		{50ADE630-E520-4B39-81BD-AC212F7606CC}.Debug|Any CPU.ActiveCfg = Debug|Any CPU
		{50ADE630-E520-4B39-81BD-AC212F7606CC}.Debug|Any CPU.Build.0 = Debug|Any CPU
		{50ADE630-E520-4B39-81BD-AC212F7606CC}.Release|Any CPU.ActiveCfg = Release|Any CPU
		{50ADE630-E520-4B39-81BD-AC212F7606CC}.Release|Any CPU.Build.0 = Release|Any CPU
	EndGlobalSection
	GlobalSection(SolutionProperties) = preSolution
		HideSolutionNode = FALSE
	EndGlobalSection
	GlobalSection(ExtensibilityGlobals) = postSolution
		SolutionGuid = {201E3A67-DF16-42EF-A616-DAD5213C3B8A}
	EndGlobalSection
EndGlobal
